
Microsoft Visual Studio Solution File, Format Version 12.00
# Visual Studio Version 17
VisualStudioVersion = 17.10.35122.118
MinimumVisualStudioVersion = 10.0.40219.1
Project("{FAE04EC0-301F-11D3-BF4B-00C04F79EFBC}") = "WebApi", "WebApi\WebApi.csproj", "{A84E8F2F-FDD6-4F67-8B1C-CA09120F22CA}"
EndProject
Project("{FAE04EC0-301F-11D3-BF4B-00C04F79EFBC}") = "Core", "Core\Core.csproj", "{F45B9DFF-E9FB-4E35-9A25-D2C1A832DEE4}"
EndProject
Project("{FAE04EC0-301F-11D3-BF4B-00C04F79EFBC}") = "Infrastructure", "Infrastructure\Infrastructure.csproj", "{3C76C009-EF26-4330-8222-701CF0A6698F}"
EndProject
Global
	GlobalSection(SolutionConfigurationPlatforms) = preSolution
		Debug|Any CPU = Debug|Any CPU
		Release|Any CPU = Release|Any CPU
	EndGlobalSection
	GlobalSection(ProjectConfigurationPlatforms) = postSolution
		{A84E8F2F-FDD6-4F67-8B1C-CA09120F22CA}.Debug|Any CPU.ActiveCfg = Debug|Any CPU
		{A84E8F2F-FDD6-4F67-8B1C-CA09120F22CA}.Debug|Any CPU.Build.0 = Debug|Any CPU
		{A84E8F2F-FDD6-4F67-8B1C-CA09120F22CA}.Release|Any CPU.ActiveCfg = Release|Any CPU
		{A84E8F2F-FDD6-4F67-8B1C-CA09120F22CA}.Release|Any CPU.Build.0 = Release|Any CPU
		{F45B9DFF-E9FB-4E35-9A25-D2C1A832DEE4}.Debug|Any CPU.ActiveCfg = Debug|Any CPU
		{F45B9DFF-E9FB-4E35-9A25-D2C1A832DEE4}.Debug|Any CPU.Build.0 = Debug|Any CPU
		{F45B9DFF-E9FB-4E35-9A25-D2C1A832DEE4}.Release|Any CPU.ActiveCfg = Release|Any CPU
		{F45B9DFF-E9FB-4E35-9A25-D2C1A832DEE4}.Release|Any CPU.Build.0 = Release|Any CPU
		{3C76C009-EF26-4330-8222-701CF0A6698F}.Debug|Any CPU.ActiveCfg = Debug|Any CPU
		{3C76C009-EF26-4330-8222-701CF0A6698F}.Debug|Any CPU.Build.0 = Debug|Any CPU
		{3C76C009-EF26-4330-8222-701CF0A6698F}.Release|Any CPU.ActiveCfg = Release|Any CPU
		{3C76C009-EF26-4330-8222-701CF0A6698F}.Release|Any CPU.Build.0 = Release|Any CPU
	EndGlobalSection
	GlobalSection(SolutionProperties) = preSolution
		HideSolutionNode = FALSE
	EndGlobalSection
	GlobalSection(ExtensibilityGlobals) = postSolution
		SolutionGuid = {0CCD5074-DE1F-4B6F-924F-3DA102ED12E6}
	EndGlobalSection
EndGlobal
